Microsoft Visual Studio Solution File, Format Version 12.00
# Visual Studio Version 16
VisualStudioVersion = 16.0.0.0
MinimumVisualStudioVersion = 16.0.0.0
Project("{9A19103F-16F7-4668-BE54-9A1E7A4F7556}") = "AzureADTenantPart2", "AzureADTenantPart2.csproj", "{39A38B93-4150-4DDC-9061-A56CD8825D4B}"
EndProject
Global
	GlobalSection(SolutionConfigurationPlatforms) = preSolution
		Debug|Any CPU = Debug|Any CPU
		Debug|x64 = Debug|x64
		Debug|x86 = Debug|x86
		Release|Any CPU = Release|Any CPU
		Release|x64 = Release|x64
		Release|x86 = Release|x86
	EndGlobalSection
	GlobalSection(ProjectConfigurationPlatforms) = postSolution
		{39A38B93-4150-4DDC-9061-A56CD8825D4B}.Debug|Any CPU.ActiveCfg = Debug|Any CPU
		{39A38B93-4150-4DDC-9061-A56CD8825D4B}.Debug|Any CPU.Build.0 = Debug|Any CPU
		{39A38B93-4150-4DDC-9061-A56CD8825D4B}.Debug|x64.ActiveCfg = Debug|Any CPU
		{39A38B93-4150-4DDC-9061-A56CD8825D4B}.Debug|x64.Build.0 = Debug|Any CPU
		{39A38B93-4150-4DDC-9061-A56CD8825D4B}.Debug|x86.ActiveCfg = Debug|Any CPU
		{39A38B93-4150-4DDC-9061-A56CD8825D4B}.Debug|x86.Build.0 = Debug|Any CPU
		{39A38B93-4150-4DDC-9061-A56CD8825D4B}.Release|Any CPU.ActiveCfg = Release|Any CPU
		{39A38B93-4150-4DDC-9061-A56CD8825D4B}.Release|Any CPU.Build.0 = Release|Any CPU
		{39A38B93-4150-4DDC-9061-A56CD8825D4B}.Release|x64.ActiveCfg = Release|Any CPU
		{39A38B93-4150-4DDC-9061-A56CD8825D4B}.Release|x64.Build.0 = Release|Any CPU
		{39A38B93-4150-4DDC-9061-A56CD8825D4B}.Release|x86.ActiveCfg = Release|Any CPU
		{39A38B93-4150-4DDC-9061-A56CD8825D4B}.Release|x86.Build.0 = Release|Any CPU
	EndGlobalSection
	GlobalSection(SolutionProperties) = preSolution
		HideSolutionNode = FALSE
	EndGlobalSection
	GlobalSection(ExtensibilityGlobals) = postSolution
		SolutionGuid = {5638A830-083B-4DDC-92EB-5B274777C873}
	EndGlobalSection
EndGlobal